
Microsoft Visual Studio Solution File, Format Version 12.00
# Visual Studio Version 17
VisualStudioVersion = 17.11.35222.181
MinimumVisualStudioVersion = 10.0.40219.1
Project("{FAE04EC0-301F-11D3-BF4B-00C04F79EFBC}") = "MongoDBDemoo", "MongoDBDemoo\MongoDBDemoo.csproj", "{CF372A07-FAA1-4273-A669-CB7AD856E46E}"
EndProject
Global
	GlobalSection(SolutionConfigurationPlatforms) = preSolution
		Debug|Any CPU = Debug|Any CPU
		Release|Any CPU = Release|Any CPU
	EndGlobalSection
	GlobalSection(ProjectConfigurationPlatforms) = postSolution
		{CF372A07-FAA1-4273-A669-CB7AD856E46E}.Debug|Any CPU.ActiveCfg = Debug|Any CPU
		{CF372A07-FAA1-4273-A669-CB7AD856E46E}.Debug|Any CPU.Build.0 = Debug|Any CPU
		{CF372A07-FAA1-4273-A669-CB7AD856E46E}.Release|Any CPU.ActiveCfg = Release|Any CPU
		{CF372A07-FAA1-4273-A669-CB7AD856E46E}.Release|Any CPU.Build.0 = Release|Any CPU
	EndGlobalSection
	GlobalSection(SolutionProperties) = preSolution
		HideSolutionNode = FALSE
	EndGlobalSection
	GlobalSection(ExtensibilityGlobals) = postSolution
		SolutionGuid = {6B987798-5084-4DED-AA1D-E1ACC23E8F89}
	EndGlobalSection
EndGlobal
